
Microsoft Visual Studio Solution File, Format Version 11.00
# Visual Studio 2010
Project("{E24C65DC-7377-472B-9ABA-BC803B73C61A}") = "WebDevNinja", "..\..\..\..\Desktop\Projects\WebDevNinja\WebDevNinja\", "{DAE4215A-86F1-4A6F-A770-53BDB93E68FD}"
	ProjectSection(WebsiteProperties) = preProject
		TargetFrameworkMoniker = ".NETFramework,Version%3Dv4.0"
		Debug.AspNetCompiler.VirtualPath = "/WebDevNinja"
		Debug.AspNetCompiler.PhysicalPath = "..\..\..\..\Desktop\Projects\WebDevNinja\WebDevNinja\"
		Debug.AspNetCompiler.TargetPath = "PrecompiledWeb\WebDevNinja\"
		Debug.AspNetCompiler.Updateable = "true"
		Debug.AspNetCompiler.ForceOverwrite = "true"
		Debug.AspNetCompiler.FixedNames = "false"
		Debug.AspNetCompiler.Debug = "True"
		Release.AspNetCompiler.VirtualPath = "/WebDevNinja"
		Release.AspNetCompiler.PhysicalPath = "..\..\..\..\Desktop\Projects\WebDevNinja\WebDevNinja\"
		Release.AspNetCompiler.TargetPath = "PrecompiledWeb\WebDevNinja\"
		Release.AspNetCompiler.Updateable = "true"
		Release.AspNetCompiler.ForceOverwrite = "true"
		Release.AspNetCompiler.FixedNames = "false"
		Release.AspNetCompiler.Debug = "False"
		VWDPort = "17789"
		DefaultWebSiteLanguage = "Visual C#"
	EndProjectSection
EndProject
Global
	GlobalSection(SolutionConfigurationPlatforms) = preSolution
		Debug|Any CPU = Debug|Any CPU
	EndGlobalSection
	GlobalSection(ProjectConfigurationPlatforms) = postSolution
		{DAE4215A-86F1-4A6F-A770-53BDB93E68FD}.Debug|Any CPU.ActiveCfg = Debug|Any CPU
		{DAE4215A-86F1-4A6F-A770-53BDB93E68FD}.Debug|Any CPU.Build.0 = Debug|Any CPU
	EndGlobalSection
	GlobalSection(SolutionProperties) = preSolution
		HideSolutionNode = FALSE
	EndGlobalSection
EndGlobal
